{
  "name": "Wommy-diep.io",
  "version": "1.0.0",
  "lockfileVersion": 2,
  "requires": true,
  "packages": {
    "": {
      "name": "Wommy-diep.io",
      "version": "1.0.0",
      "license": "GPL-3.0",
      "dependencies": {
        "google-closure-library": "20180506.0.0",
        "ws": "8.1.x"
      },
      "engines": {
        "node": "16.x"
      }
    },
    "node_modules/google-closure-library": {
      "version": "20180506.0.0",
      "integrity": "sha512-ejVvnbuVqb/4fe/8n5bvMbT9Z2sIc0P6OiEbG9tOgc/hr4W3Jb7k0xT7DSb3q17NAyq71UaV5Bmj0a7Do02Dig=="
    },
    "node_modules/ws": {
      "version": "8.1.0",
      "resolved": "https://registry.npmjs.org/ws/-/ws-8.1.0.tgz",
      "integrity": "sha512-0UWlCD2s3RSclw8FN+D0zDTUyMO+1kHwJQQJzkgUh16S8d3NYON0AKCEQPffE0ez4JyRFu76QDA9KR5bOG/7jw==",
      "engines": {
        "node": ">=10.0.0"
      },
      "peerDependencies": {
        "bufferutil": "^4.0.1",
        "utf-8-validate": "^5.0.2"
      },
      "peerDependenciesMeta": {
        "bufferutil": {
          "optional": true
        },
        "utf-8-validate": {
          "optional": true
        }
      }
    }
  },
  "dependencies": {
    "google-closure-library": {
      "version": "20180506.0.0",
      "integrity": "sha512-ejVvnbuVqb/4fe/8n5bvMbT9Z2sIc0P6OiEbG9tOgc/hr4W3Jb7k0xT7DSb3q17NAyq71UaV5Bmj0a7Do02Dig=="
    },
    "ws": {
      "version": "8.1.0",
      "resolved": "https://registry.npmjs.org/ws/-/ws-8.1.0.tgz",
      "integrity": "sha512-0UWlCD2s3RSclw8FN+D0zDTUyMO+1kHwJQQJzkgUh16S8d3NYON0AKCEQPffE0ez4JyRFu76QDA9KR5bOG/7jw==",
      "requires": {}
    }
  }
}
